lockfileVersion: '6.0'

settings:
  autoInstallPeers: true
  excludeLinksFromLockfile: false

devDependencies:
  '@mozilla/readability':
    specifier: ^0.5.0
    version: 0.5.0
  '@types/node':
    specifier: ^20.12.7
    version: 20.12.7
  '@types/turndown':
    specifier: ^5.0.4
    version: 5.0.4
  typescript:
    specifier: ^5.4.5
    version: 5.4.5

packages:

  /@mozilla/readability@0.5.0:
    resolution: {integrity: sha512-Z+CZ3QaosfFaTqvhQsIktyGrjFjSC0Fa4EMph4mqKnWhmyoGICsV/8QK+8HpXut6zV7zwfWwqDmEjtk1Qf6EgQ==}
    engines: {node: '>=14.0.0'}
    dev: true

  /@types/node@20.12.7:
    resolution: {integrity: sha512-wq0cICSkRLVaf3UGLMGItu/PtdY7oaXaI/RVU+xliKVOtRna3PRY57ZDfztpDL0n11vfymMUnXv8QwYCO7L1wg==}
    dependencies:
      undici-types: 5.26.5
    dev: true

  /@types/turndown@5.0.4:
    resolution: {integrity: sha512-28GI33lCCkU4SGH1GvjDhFgOVr+Tym4PXGBIU1buJUa6xQolniPArtUT+kv42RR2N9MsMLInkr904Aq+ESHBJg==}
    dev: true

  /typescript@5.4.5:
    resolution: {integrity: sha512-vcI4UpRgg81oIRUFwR0WSIHKt11nJ7SAVlYNIu+QpqeyXP+gpQJy/Z4+F0aGxSE4MqwjyXvW/TzgkLAx2AGHwQ==}
    engines: {node: '>=14.17'}
    hasBin: true
    dev: true

  /undici-types@5.26.5:
    resolution: {integrity: sha512-JlCMO+ehdEIKqlFxk6IfVoAUVmgz7cU7zD/h9XZ0qzeosSHmUJVOzSQvvYSYWXkFXC+IfLKSIffhv0sVZup6pA==}
    dev: true
